
Microsoft Visual Studio Solution File, Format Version 12.00
# Visual Studio Version 16
VisualStudioVersion = 16.0.31911.196
MinimumVisualStudioVersion = 10.0.40219.1
Project("{FAE04EC0-301F-11D3-BF4B-00C04F79EFBC}") = "W1A3", "W1A3\W1A3.csproj", "{0CBD1EA1-E53F-4DB3-8783-EFD730A68884}"
EndProject
Global
	GlobalSection(SolutionConfigurationPlatforms) = preSolution
		Debug|Any CPU = Debug|Any CPU
		Release|Any CPU = Release|Any CPU
	EndGlobalSection
	GlobalSection(ProjectConfigurationPlatforms) = postSolution
		{0CBD1EA1-E53F-4DB3-8783-EFD730A68884}.Debug|Any CPU.ActiveCfg = Debug|Any CPU
		{0CBD1EA1-E53F-4DB3-8783-EFD730A68884}.Debug|Any CPU.Build.0 = Debug|Any CPU
		{0CBD1EA1-E53F-4DB3-8783-EFD730A68884}.Release|Any CPU.ActiveCfg = Release|Any CPU
		{0CBD1EA1-E53F-4DB3-8783-EFD730A68884}.Release|Any CPU.Build.0 = Release|Any CPU
	EndGlobalSection
	GlobalSection(SolutionProperties) = preSolution
		HideSolutionNode = FALSE
	EndGlobalSection
	GlobalSection(ExtensibilityGlobals) = postSolution
		SolutionGuid = {4E59BD4E-F039-4291-90C1-0711DBBC80AE}
	EndGlobalSection
EndGlobal
